// !$*UTF8*$!
{
	archiveVersion = 1;
	classes = {
	};
	objectVersion = 60;
	objects = {

/* Begin PBXBuildFile section */
		A00000000000000000000200 /* DayActivityTrackerApp.swift in Sources */ = {isa = PBXBuildFile; fileRef = A00000000000000000000020 /* DayActivityTrackerApp.swift */; };
		A00000000000000000000201 /* RootTabView.swift in Sources */ = {isa = PBXBuildFile; fileRef = A00000000000000000000021 /* RootTabView.swift */; };
		A00000000000000000000202 /* ActivityCategory.swift in Sources */ = {isa = PBXBuildFile; fileRef = A00000000000000000000022 /* ActivityCategory.swift */; };
		A00000000000000000000203 /* ActivitySession.swift in Sources */ = {isa = PBXBuildFile; fileRef = A00000000000000000000023 /* ActivitySession.swift */; };
		A00000000000000000000204 /* SavedSubActivity.swift in Sources */ = {isa = PBXBuildFile; fileRef = A00000000000000000000024 /* SavedSubActivity.swift */; };
		A00000000000000000000205 /* Formatters.swift in Sources */ = {isa = PBXBuildFile; fileRef = A00000000000000000000025 /* Formatters.swift */; };
		A00000000000000000000206 /* SampleData.swift in Sources */ = {isa = PBXBuildFile; fileRef = A00000000000000000000026 /* SampleData.swift */; };
		A00000000000000000000207 /* HomeView.swift in Sources */ = {isa = PBXBuildFile; fileRef = A00000000000000000000027 /* HomeView.swift */; };
		A00000000000000000000208 /* HistoryView.swift in Sources */ = {isa = PBXBuildFile; fileRef = A00000000000000000000028 /* HistoryView.swift */; };
		A00000000000000000000209 /* ReportsView.swift in Sources */ = {isa = PBXBuildFile; fileRef = A00000000000000000000029 /* ReportsView.swift */; };
		A00000000000000000000213 /* DateProvider.swift in Sources */ = {isa = PBXBuildFile; fileRef = A0000000000000000000002C /* DateProvider.swift */; };
		A00000000000000000000214 /* SessionService.swift in Sources */ = {isa = PBXBuildFile; fileRef = A0000000000000000000002D /* SessionService.swift */; };
		A00000000000000000000215 /* WidgetBridge.swift in Sources */ = {isa = PBXBuildFile; fileRef = A0000000000000000000002E /* WidgetBridge.swift */; };
		A00000000000000000000216 /* DayActivityTrackerWidget.swift in Sources */ = {isa = PBXBuildFile; fileRef = A00000000000000000000030 /* DayActivityTrackerWidget.swift */; };
		A00000000000000000000217 /* ActivityCategory.swift in Sources */ = {isa = PBXBuildFile; fileRef = A00000000000000000000022 /* ActivityCategory.swift */; };
		A00000000000000000000218 /* Formatters.swift in Sources */ = {isa = PBXBuildFile; fileRef = A00000000000000000000025 /* Formatters.swift */; };
		A00000000000000000000219 /* WidgetBridge.swift in Sources */ = {isa = PBXBuildFile; fileRef = A0000000000000000000002E /* WidgetBridge.swift */; };
		A0000000000000000000021A /* DayActivityTrackerWidget.appex in Embed App Extensions */ = {isa = PBXBuildFile; fileRef = A00000000000000000000013 /* DayActivityTrackerWidget.appex */; settings = {ATTRIBUTES = (RemoveHeadersOnCopy, ); }; };
		A0000000000000000000021B /* ActivitySession.swift in Sources */ = {isa = PBXBuildFile; fileRef = A00000000000000000000023 /* ActivitySession.swift */; };
		A0000000000000000000021C /* SavedSubActivity.swift in Sources */ = {isa = PBXBuildFile; fileRef = A00000000000000000000024 /* SavedSubActivity.swift */; };
		A0000000000000000000021D /* DateProvider.swift in Sources */ = {isa = PBXBuildFile; fileRef = A0000000000000000000002C /* DateProvider.swift */; };
		A0000000000000000000021E /* SessionService.swift in Sources */ = {isa = PBXBuildFile; fileRef = A0000000000000000000002D /* SessionService.swift */; };
		A00000000000000000000220 /* Assets.xcassets in Resources */ = {isa = PBXBuildFile; fileRef = A0000000000000000000002A /* Assets.xcassets */; };
/* End PBXBuildFile section */

/* Begin PBXContainerItemProxy section */
		A00000000000000000000142 /* PBXContainerItemProxy */ = {
			isa = PBXContainerItemProxy;
			containerPortal = A00000000000000000000001 /* Project object */;
			proxyType = 1;
			remoteGlobalIDString = A00000000000000000000132;
			remoteInfo = DayActivityTrackerWidget;
		};
/* End PBXContainerItemProxy section */

/* Begin PBXCopyFilesBuildPhase section */
		A00000000000000000000128 /* Embed App Extensions */ = {
			isa = PBXCopyFilesBuildPhase;
			buildActionMask = 2147483647;
			dstPath = "";
			dstSubfolderSpec = 13;
			files = (
				A0000000000000000000021A /* DayActivityTrackerWidget.appex in Embed App Extensions */,
			);
			name = "Embed App Extensions";
			runOnlyForDeploymentPostprocessing = 0;
		};
/* End PBXCopyFilesBuildPhase section */

/* Begin PBXFileReference section */
		A00000000000000000000010 /* DayActivityTracker.app */ = {isa = PBXFileReference; explicitFileType = wrapper.application; includeInIndex = 0; path = DayActivityTracker.app; sourceTree = BUILT_PRODUCTS_DIR; };
		A00000000000000000000012 /* XCTest.framework */ = {isa = PBXFileReference; lastKnownFileType = wrapper.framework; name = XCTest.framework; path = System/Library/Frameworks/XCTest.framework; sourceTree = SDKROOT; };
		A00000000000000000000013 /* DayActivityTrackerWidget.appex */ = {isa = PBXFileReference; explicitFileType = "wrapper.app-extension"; includeInIndex = 0; path = DayActivityTrackerWidget.appex; sourceTree = BUILT_PRODUCTS_DIR; };
		A00000000000000000000020 /* DayActivityTrackerApp.swift */ = {isa = PBXFileReference; lastKnownFileType = sourcecode.swift; path = DayActivityTrackerApp.swift; sourceTree = "<group>"; };
		A00000000000000000000021 /* RootTabView.swift */ = {isa = PBXFileReference; lastKnownFileType = sourcecode.swift; path = RootTabView.swift; sourceTree = "<group>"; };
		A00000000000000000000022 /* ActivityCategory.swift */ = {isa = PBXFileReference; lastKnownFileType = sourcecode.swift; path = ActivityCategory.swift; sourceTree = "<group>"; };
		A00000000000000000000023 /* ActivitySession.swift */ = {isa = PBXFileReference; lastKnownFileType = sourcecode.swift; path = ActivitySession.swift; sourceTree = "<group>"; };
		A00000000000000000000024 /* SavedSubActivity.swift */ = {isa = PBXFileReference; lastKnownFileType = sourcecode.swift; path = SavedSubActivity.swift; sourceTree = "<group>"; };
		A00000000000000000000025 /* Formatters.swift */ = {isa = PBXFileReference; lastKnownFileType = sourcecode.swift; path = Formatters.swift; sourceTree = "<group>"; };
		A00000000000000000000026 /* SampleData.swift */ = {isa = PBXFileReference; lastKnownFileType = sourcecode.swift; path = SampleData.swift; sourceTree = "<group>"; };
		A00000000000000000000027 /* HomeView.swift */ = {isa = PBXFileReference; lastKnownFileType = sourcecode.swift; path = HomeView.swift; sourceTree = "<group>"; };
		A00000000000000000000028 /* HistoryView.swift */ = {isa = PBXFileReference; lastKnownFileType = sourcecode.swift; path = HistoryView.swift; sourceTree = "<group>"; };
		A00000000000000000000029 /* ReportsView.swift */ = {isa = PBXFileReference; lastKnownFileType = sourcecode.swift; path = ReportsView.swift; sourceTree = "<group>"; };
		A0000000000000000000002A /* Assets.xcassets */ = {isa = PBXFileReference; lastKnownFileType = folder.assetcatalog; path = Assets.xcassets; sourceTree = "<group>"; };
		A0000000000000000000002C /* DateProvider.swift */ = {isa = PBXFileReference; lastKnownFileType = sourcecode.swift; path = DateProvider.swift; sourceTree = "<group>"; };
		A0000000000000000000002D /* SessionService.swift */ = {isa = PBXFileReference; lastKnownFileType = sourcecode.swift; path = SessionService.swift; sourceTree = "<group>"; };
		A0000000000000000000002E /* WidgetBridge.swift */ = {isa = PBXFileReference; lastKnownFileType = sourcecode.swift; path = WidgetBridge.swift; sourceTree = "<group>"; };
		A0000000000000000000002F /* DayActivityTracker.entitlements */ = {isa = PBXFileReference; lastKnownFileType = text.plist.entitlements; path = DayActivityTracker.entitlements; sourceTree = "<group>"; };
		A00000000000000000000030 /* DayActivityTrackerWidget.swift */ = {isa = PBXFileReference; lastKnownFileType = sourcecode.swift; path = DayActivityTrackerWidget.swift; sourceTree = "<group>"; };
		A00000000000000000000031 /* Info.plist */ = {isa = PBXFileReference; lastKnownFileType = text.plist.xml; path = Info.plist; sourceTree = "<group>"; };
		A00000000000000000000032 /* DayActivityTrackerWidget.entitlements */ = {isa = PBXFileReference; lastKnownFileType = text.plist.entitlements; path = DayActivityTrackerWidget.entitlements; sourceTree = "<group>"; };
/* End PBXFileReference section */

/* Begin PBXFrameworksBuildPhase section */
		A00000000000000000000121 /* Frameworks */ = {
			isa = PBXFrameworksBuildPhase;
			buildActionMask = 2147483647;
			files = (
			);
			runOnlyForDeploymentPostprocessing = 0;
		};
		A00000000000000000000125 /* Frameworks */ = {
			isa = PBXFrameworksBuildPhase;
			buildActionMask = 2147483647;
			files = (
			);
			runOnlyForDeploymentPostprocessing = 0;
		};
/* End PBXFrameworksBuildPhase section */

/* Begin PBXGroup section */
		A00000000000000000000002 = {
			isa = PBXGroup;
			children = (
				A00000000000000000000005 /* DayActivityTracker */,
				A00000000000000000000058 /* DayActivityTrackerWidget */,
				A00000000000000000000004 /* Frameworks */,
				A00000000000000000000003 /* Products */,
			);
			sourceTree = "<group>";
		};
		A00000000000000000000003 /* Products */ = {
			isa = PBXGroup;
			children = (
				A00000000000000000000010 /* DayActivityTracker.app */,
				A00000000000000000000013 /* DayActivityTrackerWidget.appex */,
			);
			name = Products;
			sourceTree = "<group>";
		};
		A00000000000000000000004 /* Frameworks */ = {
			isa = PBXGroup;
			children = (
				A00000000000000000000012 /* XCTest.framework */,
			);
			name = Frameworks;
			sourceTree = "<group>";
		};
		A00000000000000000000005 /* DayActivityTracker */ = {
			isa = PBXGroup;
			children = (
				A00000000000000000000050 /* App */,
				A00000000000000000000051 /* Models */,
				A00000000000000000000057 /* Services */,
				A00000000000000000000052 /* Shared */,
				A00000000000000000000053 /* Features */,
				A0000000000000000000002A /* Assets.xcassets */,
				A0000000000000000000002F /* DayActivityTracker.entitlements */,
			);
			path = DayActivityTracker;
			sourceTree = "<group>";
		};
		A00000000000000000000050 /* App */ = {
			isa = PBXGroup;
			children = (
				A00000000000000000000020 /* DayActivityTrackerApp.swift */,
				A00000000000000000000021 /* RootTabView.swift */,
			);
			path = App;
			sourceTree = "<group>";
		};
		A00000000000000000000051 /* Models */ = {
			isa = PBXGroup;
			children = (
				A00000000000000000000022 /* ActivityCategory.swift */,
				A00000000000000000000023 /* ActivitySession.swift */,
				A00000000000000000000024 /* SavedSubActivity.swift */,
			);
			path = Models;
			sourceTree = "<group>";
		};
		A00000000000000000000052 /* Shared */ = {
			isa = PBXGroup;
			children = (
				A00000000000000000000025 /* Formatters.swift */,
				A00000000000000000000026 /* SampleData.swift */,
				A0000000000000000000002E /* WidgetBridge.swift */,
			);
			path = Shared;
			sourceTree = "<group>";
		};
		A00000000000000000000053 /* Features */ = {
			isa = PBXGroup;
			children = (
				A00000000000000000000054 /* Home */,
				A00000000000000000000055 /* History */,
				A00000000000000000000056 /* Reports */,
			);
			path = Features;
			sourceTree = "<group>";
		};
		A00000000000000000000054 /* Home */ = {
			isa = PBXGroup;
			children = (
				A00000000000000000000027 /* HomeView.swift */,
			);
			path = Home;
			sourceTree = "<group>";
		};
		A00000000000000000000055 /* History */ = {
			isa = PBXGroup;
			children = (
				A00000000000000000000028 /* HistoryView.swift */,
			);
			path = History;
			sourceTree = "<group>";
		};
		A00000000000000000000056 /* Reports */ = {
			isa = PBXGroup;
			children = (
				A00000000000000000000029 /* ReportsView.swift */,
			);
			path = Reports;
			sourceTree = "<group>";
		};
		A00000000000000000000057 /* Services */ = {
			isa = PBXGroup;
			children = (
				A0000000000000000000002C /* DateProvider.swift */,
				A0000000000000000000002D /* SessionService.swift */,
			);
			path = Services;
			sourceTree = "<group>";
		};
		A00000000000000000000058 /* DayActivityTrackerWidget */ = {
			isa = PBXGroup;
			children = (
				A00000000000000000000030 /* DayActivityTrackerWidget.swift */,
				A00000000000000000000031 /* Info.plist */,
				A00000000000000000000032 /* DayActivityTrackerWidget.entitlements */,
			);
			path = DayActivityTrackerWidget;
			sourceTree = "<group>";
		};
/* End PBXGroup section */

/* Begin PBXNativeTarget section */
		A00000000000000000000130 /* DayActivityTracker */ = {
			isa = PBXNativeTarget;
			buildConfigurationList = A00000000000000000000162 /* Build configuration list for PBXNativeTarget "DayActivityTracker" */;
			buildPhases = (
				A00000000000000000000120 /* Sources */,
				A00000000000000000000121 /* Frameworks */,
				A00000000000000000000122 /* Resources */,
				A00000000000000000000128 /* Embed App Extensions */,
			);
			buildRules = (
			);
			dependencies = (
				A00000000000000000000143 /* PBXTargetDependency */,
			);
			name = DayActivityTracker;
			packageProductDependencies = (
			);
			productName = DayActivityTracker;
			productReference = A00000000000000000000010 /* DayActivityTracker.app */;
			productType = "com.apple.product-type.application";
		};
		A00000000000000000000132 /* DayActivityTrackerWidget */ = {
			isa = PBXNativeTarget;
			buildConfigurationList = A00000000000000000000168 /* Build configuration list for PBXNativeTarget "DayActivityTrackerWidget" */;
			buildPhases = (
				A00000000000000000000126 /* Sources */,
				A00000000000000000000125 /* Frameworks */,
				A00000000000000000000127 /* Resources */,
			);
			buildRules = (
			);
			dependencies = (
			);
			name = DayActivityTrackerWidget;
			packageProductDependencies = (
			);
			productName = DayActivityTrackerWidget;
			productReference = A00000000000000000000013 /* DayActivityTrackerWidget.appex */;
			productType = "com.apple.product-type.app-extension";
		};
/* End PBXNativeTarget section */

/* Begin PBXProject section */
		A00000000000000000000001 /* Project object */ = {
			isa = PBXProject;
			attributes = {
				BuildIndependentTargetsInParallel = 1;
				LastSwiftUpdateCheck = 2600;
				LastUpgradeCheck = 2600;
				TargetAttributes = {
					A00000000000000000000130 = {
						CreatedOnToolsVersion = 26.0.1;
					};
					A00000000000000000000132 = {
						CreatedOnToolsVersion = 26.0.1;
					};
				};
			};
			buildConfigurationList = A00000000000000000000152 /* Build configuration list for PBXProject "DayActivityTracker" */;
			compatibilityVersion = "Xcode 15.0";
			developmentRegion = en;
			hasScannedForEncodings = 0;
			knownRegions = (
				en,
				Base,
			);
			mainGroup = A00000000000000000000002;
			productRefGroup = A00000000000000000000003 /* Products */;
			projectDirPath = "";
			projectRoot = "";
			targets = (
				A00000000000000000000130 /* DayActivityTracker */,
				A00000000000000000000132 /* DayActivityTrackerWidget */,
			);
		};
/* End PBXProject section */

/* Begin PBXResourcesBuildPhase section */
		A00000000000000000000122 /* Resources */ = {
			isa = PBXResourcesBuildPhase;
			buildActionMask = 2147483647;
			files = (
				A00000000000000000000220 /* Assets.xcassets in Resources */,
			);
			runOnlyForDeploymentPostprocessing = 0;
		};
		A00000000000000000000127 /* Resources */ = {
			isa = PBXResourcesBuildPhase;
			buildActionMask = 2147483647;
			files = (
			);
			runOnlyForDeploymentPostprocessing = 0;
		};
/* End PBXResourcesBuildPhase section */

/* Begin PBXSourcesBuildPhase section */
		A00000000000000000000120 /* Sources */ = {
			isa = PBXSourcesBuildPhase;
			buildActionMask = 2147483647;
			files = (
				A00000000000000000000200 /* DayActivityTrackerApp.swift in Sources */,
				A00000000000000000000201 /* RootTabView.swift in Sources */,
				A00000000000000000000202 /* ActivityCategory.swift in Sources */,
				A00000000000000000000203 /* ActivitySession.swift in Sources */,
				A00000000000000000000204 /* SavedSubActivity.swift in Sources */,
				A00000000000000000000213 /* DateProvider.swift in Sources */,
				A00000000000000000000214 /* SessionService.swift in Sources */,
				A00000000000000000000205 /* Formatters.swift in Sources */,
				A00000000000000000000215 /* WidgetBridge.swift in Sources */,
				A00000000000000000000206 /* SampleData.swift in Sources */,
				A00000000000000000000207 /* HomeView.swift in Sources */,
				A00000000000000000000208 /* HistoryView.swift in Sources */,
				A00000000000000000000209 /* ReportsView.swift in Sources */,
			);
			runOnlyForDeploymentPostprocessing = 0;
		};
		A00000000000000000000126 /* Sources */ = {
			isa = PBXSourcesBuildPhase;
			buildActionMask = 2147483647;
			files = (
				A00000000000000000000216 /* DayActivityTrackerWidget.swift in Sources */,
				A00000000000000000000217 /* ActivityCategory.swift in Sources */,
				A00000000000000000000218 /* Formatters.swift in Sources */,
				A00000000000000000000219 /* WidgetBridge.swift in Sources */,
				A0000000000000000000021B /* ActivitySession.swift in Sources */,
				A0000000000000000000021C /* SavedSubActivity.swift in Sources */,
				A0000000000000000000021D /* DateProvider.swift in Sources */,
				A0000000000000000000021E /* SessionService.swift in Sources */,
			);
			runOnlyForDeploymentPostprocessing = 0;
		};
/* End PBXSourcesBuildPhase section */

/* Begin PBXTargetDependency section */
		A00000000000000000000143 /* PBXTargetDependency */ = {
			isa = PBXTargetDependency;
			target = A00000000000000000000132 /* DayActivityTrackerWidget */;
			targetProxy = A00000000000000000000142 /* PBXContainerItemProxy */;
		};
/* End PBXTargetDependency section */

/* Begin XCBuildConfiguration section */
		A00000000000000000000150 /* Debug */ = {
			isa = XCBuildConfiguration;
			buildSettings = {
				ALWAYS_SEARCH_USER_PATHS = NO;
				APP_BUNDLE_IDENTIFIER = com.eugene.DayActivityTracker2026;
				APP_GROUP_IDENTIFIER = "group.$(APP_BUNDLE_IDENTIFIER).shared";
				CLANG_WARN_DOCUMENTATION_COMMENTS = YES;
				CLANG_WARN_QUOTED_INCLUDE_IN_FRAMEWORK_HEADER = YES;
				GCC_C_LANGUAGE_STANDARD = gnu17;
			};
			name = Debug;
		};
		A00000000000000000000151 /* Release */ = {
			isa = XCBuildConfiguration;
			buildSettings = {
				ALWAYS_SEARCH_USER_PATHS = NO;
				APP_BUNDLE_IDENTIFIER = com.eugene.DayActivityTracker2026;
				APP_GROUP_IDENTIFIER = "group.$(APP_BUNDLE_IDENTIFIER).shared";
				CLANG_WARN_DOCUMENTATION_COMMENTS = YES;
				CLANG_WARN_QUOTED_INCLUDE_IN_FRAMEWORK_HEADER = YES;
				GCC_C_LANGUAGE_STANDARD = gnu17;
			};
			name = Release;
		};
		A00000000000000000000160 /* Debug */ = {
			isa = XCBuildConfiguration;
			buildSettings = {
				APP_BUNDLE_IDENTIFIER = com.eugene.DayActivityTracker2026;
				ASSETCATALOG_COMPILER_APPICON_NAME = AppIcon;
				ASSETCATALOG_COMPILER_INCLUDE_ALL_APPICON_ASSETS = NO;
				CODE_SIGN_ENTITLEMENTS = DayActivityTracker/DayActivityTracker.entitlements;
				CODE_SIGN_STYLE = Automatic;
				CURRENT_PROJECT_VERSION = 1;
				DEFINES_MODULE = YES;
				DEVELOPMENT_TEAM = T24TLZSXSK;
				ENABLE_PREVIEWS = YES;
				ENABLE_TESTABILITY = YES;
				GENERATE_INFOPLIST_FILE = YES;
				INFOPLIST_KEY_AppGroupIdentifier = "$(APP_GROUP_IDENTIFIER)";
				INFOPLIST_KEY_CFBundleDisplayName = "Day Activity Tracker";
				INFOPLIST_KEY_CFBundleURLTypes = "{\n    CFBundleTypeRole = Editor;\n    CFBundleURLName = DayActivityTrackerWidgetActions;\n    CFBundleURLSchemes =     (\n        dayactivitytracker\n    );\n}";
				INFOPLIST_KEY_LSRequiresIPhoneOS = YES;
				INFOPLIST_KEY_NSSupportsLiveActivities = YES;
				INFOPLIST_KEY_UIApplicationSceneManifest_Generation = YES;
				INFOPLIST_KEY_UILaunchScreen_Generation = YES;
				INFOPLIST_KEY_UISupportedInterfaceOrientations_iPhone = "UIInterfaceOrientationPortrait UIInterfaceOrientationLandscapeLeft UIInterfaceOrientationLandscapeRight";
				IPHONEOS_DEPLOYMENT_TARGET = 17.0;
				LD_RUNPATH_SEARCH_PATHS = (
					"$(inherited)",
					"@executable_path/Frameworks",
				);
				MARKETING_VERSION = 1.0;
				PRODUCT_BUNDLE_IDENTIFIER = com.eugene.DayActivityTracker2026;
				PRODUCT_NAME = "$(TARGET_NAME)";
				SUPPORTED_PLATFORMS = "iphoneos iphonesimulator";
				SWIFT_EMIT_LOC_STRINGS = YES;
				SWIFT_VERSION = 5.0;
				TARGETED_DEVICE_FAMILY = 1;
			};
			name = Debug;
		};
		A00000000000000000000161 /* Release */ = {
			isa = XCBuildConfiguration;
			buildSettings = {
				APP_BUNDLE_IDENTIFIER = com.eugene.DayActivityTracker2026;
				ASSETCATALOG_COMPILER_APPICON_NAME = AppIcon;
				ASSETCATALOG_COMPILER_INCLUDE_ALL_APPICON_ASSETS = NO;
				CODE_SIGN_ENTITLEMENTS = DayActivityTracker/DayActivityTracker.entitlements;
				CODE_SIGN_STYLE = Automatic;
				CURRENT_PROJECT_VERSION = 1;
				DEFINES_MODULE = YES;
				DEVELOPMENT_TEAM = T24TLZSXSK;
				ENABLE_PREVIEWS = YES;
				GENERATE_INFOPLIST_FILE = YES;
				INFOPLIST_KEY_AppGroupIdentifier = "$(APP_GROUP_IDENTIFIER)";
				INFOPLIST_KEY_CFBundleDisplayName = "Day Activity Tracker";
				INFOPLIST_KEY_CFBundleURLTypes = "{\n    CFBundleTypeRole = Editor;\n    CFBundleURLName = DayActivityTrackerWidgetActions;\n    CFBundleURLSchemes =     (\n        dayactivitytracker\n    );\n}";
				INFOPLIST_KEY_LSRequiresIPhoneOS = YES;
				INFOPLIST_KEY_NSSupportsLiveActivities = YES;
				INFOPLIST_KEY_UIApplicationSceneManifest_Generation = YES;
				INFOPLIST_KEY_UILaunchScreen_Generation = YES;
				INFOPLIST_KEY_UISupportedInterfaceOrientations_iPhone = "UIInterfaceOrientationPortrait UIInterfaceOrientationLandscapeLeft UIInterfaceOrientationLandscapeRight";
				IPHONEOS_DEPLOYMENT_TARGET = 17.0;
				LD_RUNPATH_SEARCH_PATHS = (
					"$(inherited)",
					"@executable_path/Frameworks",
				);
				MARKETING_VERSION = 1.0;
				PRODUCT_BUNDLE_IDENTIFIER = com.eugene.DayActivityTracker2026;
				PRODUCT_NAME = "$(TARGET_NAME)";
				SUPPORTED_PLATFORMS = "iphoneos iphonesimulator";
				SWIFT_EMIT_LOC_STRINGS = YES;
				SWIFT_VERSION = 5.0;
				TARGETED_DEVICE_FAMILY = 1;
			};
			name = Release;
		};
		A00000000000000000000166 /* Debug */ = {
			isa = XCBuildConfiguration;
			buildSettings = {
				APPLICATION_EXTENSION_API_ONLY = YES;
				APP_BUNDLE_IDENTIFIER = com.eugene.DayActivityTracker2026;
				CODE_SIGN_ENTITLEMENTS = DayActivityTrackerWidget/DayActivityTrackerWidget.entitlements;
				CODE_SIGN_STYLE = Automatic;
				CURRENT_PROJECT_VERSION = 1;
				DEVELOPMENT_TEAM = T24TLZSXSK;
				GENERATE_INFOPLIST_FILE = NO;
				INFOPLIST_FILE = DayActivityTrackerWidget/Info.plist;
				IPHONEOS_DEPLOYMENT_TARGET = 17.0;
				LD_RUNPATH_SEARCH_PATHS = (
					"$(inherited)",
					"@executable_path/Frameworks",
					"@executable_path/../../Frameworks",
				);
				MARKETING_VERSION = 1.0;
				PRODUCT_BUNDLE_IDENTIFIER = com.eugene.DayActivityTracker2026.DayActivityTrackerWidget;
				PRODUCT_NAME = "$(TARGET_NAME)";
				SKIP_INSTALL = YES;
				SUPPORTED_PLATFORMS = "iphoneos iphonesimulator";
				SWIFT_EMIT_LOC_STRINGS = YES;
				SWIFT_VERSION = 5.0;
				TARGETED_DEVICE_FAMILY = 1;
			};
			name = Debug;
		};
		A00000000000000000000167 /* Release */ = {
			isa = XCBuildConfiguration;
			buildSettings = {
				APPLICATION_EXTENSION_API_ONLY = YES;
				APP_BUNDLE_IDENTIFIER = com.eugene.DayActivityTracker2026;
				CODE_SIGN_ENTITLEMENTS = DayActivityTrackerWidget/DayActivityTrackerWidget.entitlements;
				CODE_SIGN_STYLE = Automatic;
				CURRENT_PROJECT_VERSION = 1;
				DEVELOPMENT_TEAM = T24TLZSXSK;
				GENERATE_INFOPLIST_FILE = NO;
				INFOPLIST_FILE = DayActivityTrackerWidget/Info.plist;
				IPHONEOS_DEPLOYMENT_TARGET = 17.0;
				LD_RUNPATH_SEARCH_PATHS = (
					"$(inherited)",
					"@executable_path/Frameworks",
					"@executable_path/../../Frameworks",
				);
				MARKETING_VERSION = 1.0;
				PRODUCT_BUNDLE_IDENTIFIER = com.eugene.DayActivityTracker2026.DayActivityTrackerWidget;
				PRODUCT_NAME = "$(TARGET_NAME)";
				SKIP_INSTALL = YES;
				SUPPORTED_PLATFORMS = "iphoneos iphonesimulator";
				SWIFT_EMIT_LOC_STRINGS = YES;
				SWIFT_VERSION = 5.0;
				TARGETED_DEVICE_FAMILY = 1;
			};
			name = Release;
		};
/* End XCBuildConfiguration section */

/* Begin XCConfigurationList section */
		A00000000000000000000152 /* Build configuration list for PBXProject "DayActivityTracker" */ = {
			isa = XCConfigurationList;
			buildConfigurations = (
				A00000000000000000000150 /* Debug */,
				A00000000000000000000151 /* Release */,
			);
			defaultConfigurationIsVisible = 0;
			defaultConfigurationName = Release;
		};
		A00000000000000000000162 /* Build configuration list for PBXNativeTarget "DayActivityTracker" */ = {
			isa = XCConfigurationList;
			buildConfigurations = (
				A00000000000000000000160 /* Debug */,
				A00000000000000000000161 /* Release */,
			);
			defaultConfigurationIsVisible = 0;
			defaultConfigurationName = Release;
		};
		A00000000000000000000168 /* Build configuration list for PBXNativeTarget "DayActivityTrackerWidget" */ = {
			isa = XCConfigurationList;
			buildConfigurations = (
				A00000000000000000000166 /* Debug */,
				A00000000000000000000167 /* Release */,
			);
			defaultConfigurationIsVisible = 0;
			defaultConfigurationName = Release;
		};
/* End XCConfigurationList section */
	};
	rootObject = A00000000000000000000001 /* Project object */;
}
